# Generated by conda-lock.
# platform: linux-64
# input_hash: 1603af13519b5a780621a218ae69c5a2d7d7bd533e5b0cafffae79f63e5cf22b
@EXPLICIT
https://mirrors.aliyun.com/anaconda/cloud/conda-forge/linux-64/_libgcc_mutex-0.1-conda_forge.tar.bz2#d7c89558ba9fa0495403155b64376d81
https://mirrors.aliyun.com/anaconda/cloud/conda-forge/noarch/_r-mutex-1.0.1-anacondar_1.tar.bz2#19f9db5f4f1b7f5ef5f6d67207f25f38
https://mirrors.aliyun.com/anaconda/cloud/conda-forge/linux-64/ca-certificates-2022.6.15-ha878542_0.tar.bz2#c320890f77fd1d617fa876e0982002c2
https://mirrors.aliyun.com/anaconda/cloud/conda-forge/noarch/font-ttf-dejavu-sans-mono-2.37-hab24e00_0.tar.bz2#0c96522c6bdaed4b1566d11387caaf45
https://mirrors.aliyun.com/anaconda/cloud/conda-forge/noarch/font-ttf-inconsolata-3.000-h77eed37_0.tar.bz2#34893075a5c9e55cdafac56607368fc6
https://mirrors.aliyun.com/anaconda/cloud/conda-forge/noarch/font-ttf-source-code-pro-2.038-h77eed37_0.tar.bz2#4d59c254e01d9cde7957100457e2d5fb
https://mirrors.aliyun.com/anaconda/cloud/conda-forge/noarch/font-ttf-ubuntu-0.83-hab24e00_0.tar.bz2#19410c3df09dfb12d1206132a1d357c5
https://mirrors.aliyun.com/anaconda/cloud/conda-forge/noarch/kernel-headers_linux-64-2.6.32-he073ed8_15.tar.bz2#5dd5127afd710f91f6a75821bac0a4f0
https://mirrors.aliyun.com/anaconda/cloud/conda-forge/linux-64/ld_impl_linux-64-2.36.1-hea4e1c9_2.tar.bz2#bd4f2e711b39af170e7ff15163fe87ee
https://mirrors.aliyun.com/anaconda/cloud/conda-forge/linux-64/libgcc-devel_linux-64-10.3.0-he6cfe16_16.tar.bz2#878a30aba0574e69bd920c55f243aa06
https://mirrors.aliyun.com/anaconda/cloud/conda-forge/linux-64/libgfortran5-12.1.0-hdcd56e2_16.tar.bz2#b02605b875559ff99f04351fd5040760
https://mirrors.aliyun.com/anaconda/cloud/conda-forge/linux-64/libstdcxx-devel_linux-64-10.3.0-he6cfe16_16.tar.bz2#baae55f62968547a3731cb668736f611
https://mirrors.aliyun.com/anaconda/cloud/conda-forge/linux-64/libstdcxx-ng-12.1.0-ha89aaad_16.tar.bz2#6f5ba041a41eb102a1027d9e68731be7
https://mirrors.aliyun.com/anaconda/cloud/conda-forge/noarch/tzdata-2022a-h191b570_0.tar.bz2#84be5301069417a2221187d2f435e0f7
https://mirrors.aliyun.com/anaconda/cloud/conda-forge/noarch/fonts-conda-forge-1-0.tar.bz2#f766549260d6815b0c52253f1fb1bb29
https://mirrors.aliyun.com/anaconda/cloud/conda-forge/linux-64/libgfortran-ng-12.1.0-h69a702a_16.tar.bz2#6bf15e29a20f614b18ae89368260d0a2
https://mirrors.aliyun.com/anaconda/cloud/conda-forge/linux-64/libgomp-12.1.0-h8d9b700_16.tar.bz2#f013cf7749536ce43d82afbffdf499ab
https://mirrors.aliyun.com/anaconda/cloud/conda-forge/noarch/sysroot_linux-64-2.12-he073ed8_15.tar.bz2#66c192522eacf5bb763568b4e415d133
https://mirrors.aliyun.com/anaconda/cloud/conda-forge/linux-64/_openmp_mutex-4.5-2_gnu.tar.bz2#73aaf86a425cc6e73fcf236a5a46396d
https://mirrors.aliyun.com/anaconda/cloud/conda-forge/linux-64/binutils_impl_linux-64-2.36.1-h193b22a_2.tar.bz2#32aae4265554a47ea77f7c09f86aeb3b
https://mirrors.aliyun.com/anaconda/cloud/conda-forge/noarch/fonts-conda-ecosystem-1-0.tar.bz2#fee5683a3f04bd15cbd8318b096a27ab
https://mirrors.aliyun.com/anaconda/cloud/conda-forge/linux-64/binutils_linux-64-2.36-hf3e587d_10.tar.bz2#9d5cdbfe24b182d4c749b86d500ac9d2
https://mirrors.aliyun.com/anaconda/cloud/conda-forge/linux-64/libgcc-ng-12.1.0-h8d9b700_16.tar.bz2#4f05bc9844f7c101e6e147dab3c88d5c
https://mirrors.aliyun.com/anaconda/cloud/conda-forge/linux-64/alsa-lib-1.2.6.1-h7f98852_0.tar.bz2#0347ce6a34f8b55b544b141432c6d4c7
https://mirrors.aliyun.com/anaconda/cloud/conda-forge/linux-64/bzip2-1.0.8-h7f98852_4.tar.bz2#a1fd65c7ccbf10880423d82bca54eb54
https://mirrors.aliyun.com/anaconda/cloud/conda-forge/linux-64/c-ares-1.18.1-h7f98852_0.tar.bz2#f26ef8098fab1f719c91eb760d63381a
https://mirrors.aliyun.com/anaconda/cloud/conda-forge/linux-64/expat-2.4.8-h27087fc_0.tar.bz2#e1b07832504eeba765d648389cc387a9
https://mirrors.aliyun.com/anaconda/cloud/conda-forge/linux-64/fribidi-1.0.10-h36c2ea0_0.tar.bz2#ac7bc6a654f8f41b352b38f4051135f8
https://mirrors.aliyun.com/anaconda/cloud/conda-forge/linux-64/giflib-5.2.1-h36c2ea0_2.tar.bz2#626e68ae9cc5912d6adb79d318cf962d
https://mirrors.aliyun.com/anaconda/cloud/conda-forge/linux-64/graphite2-1.3.13-h58526e2_1001.tar.bz2#8c54672728e8ec6aa6db90cf2806d220
https://mirrors.aliyun.com/anaconda/cloud/conda-forge/linux-64/icu-70.1-h27087fc_0.tar.bz2#87473a15119779e021c314249d4b4aed
https://mirrors.aliyun.com/anaconda/cloud/conda-forge/linux-64/jpeg-9e-h166bdaf_2.tar.bz2#ee8b844357a0946870901c7c6f418268
https://mirrors.aliyun.com/anaconda/cloud/conda-forge/linux-64/keyutils-1.6.1-h166bdaf_0.tar.bz2#30186d27e2c9fa62b45fb1476b7200e3
https://mirrors.aliyun.com/anaconda/cloud/conda-forge/linux-64/lerc-3.0-h9c3ff4c_0.tar.bz2#7fcefde484980d23f0ec24c11e314d2e
https://mirrors.aliyun.com/anaconda/cloud/conda-forge/linux-64/libbrotlicommon-1.0.9-h166bdaf_7.tar.bz2#f82dc1c78bcf73583f2656433ce2933c
https://mirrors.aliyun.com/anaconda/cloud/conda-forge/linux-64/libdeflate-1.12-h166bdaf_0.tar.bz2#d56e3db8fa642fb383f18f5be35eeef2
https://mirrors.aliyun.com/anaconda/cloud/conda-forge/linux-64/libev-4.33-h516909a_1.tar.bz2#6f8720dff19e17ce5d48cfe7f3d2f0a3
https://mirrors.aliyun.com/anaconda/cloud/conda-forge/linux-64/libffi-3.4.2-h7f98852_5.tar.bz2#d645c6d2ac96843a2bfaccd2d62b3ac3
https://mirrors.aliyun.com/anaconda/cloud/conda-forge/linux-64/libiconv-1.16-h516909a_0.tar.bz2#5c0f338a513a2943c659ae619fca9211
https://mirrors.aliyun.com/anaconda/cloud/conda-forge/linux-64/libnsl-2.0.0-h7f98852_0.tar.bz2#39b1328babf85c7c3a61636d9cd50206
https://mirrors.aliyun.com/anaconda/cloud/conda-forge/linux-64/libopenblas-0.3.20-pthreads_h78a6416_0.tar.bz2#9b6d0781953c9e353faee494336cc229
https://mirrors.aliyun.com/anaconda/cloud/conda-forge/linux-64/libsanitizer-10.3.0-h26c7422_16.tar.bz2#4076c395c7fa53cd708949e4be48154e
https://mirrors.aliyun.com/anaconda/cloud/conda-forge/linux-64/libuuid-2.32.1-h7f98852_1000.tar.bz2#772d69f030955d9646d3d0eaf21d859d
https://mirrors.aliyun.com/anaconda/cloud/conda-forge/linux-64/libwebp-base-1.2.2-h7f98852_1.tar.bz2#46cf26ecc8775a0aab300ea1821aaa3c
https://mirrors.aliyun.com/anaconda/cloud/conda-forge/linux-64/libzlib-1.2.12-h166bdaf_2.tar.bz2#8302381297332ea50532cf2c67961080
https://mirrors.aliyun.com/anaconda/cloud/conda-forge/linux-64/lz4-c-1.9.3-h9c3ff4c_1.tar.bz2#fbe97e8fa6f275d7c76a09e795adc3e6
https://mirrors.aliyun.com/anaconda/cloud/conda-forge/linux-64/make-4.3-hd18ef5c_1.tar.bz2#4049ebfd3190b580dffe76daed26155a
https://mirrors.aliyun.com/anaconda/cloud/conda-forge/linux-64/ncurses-6.3-h27087fc_1.tar.bz2#4acfc691e64342b9dae57cf2adc63238
https://mirrors.aliyun.com/anaconda/cloud/conda-forge/linux-64/openssl-1.1.1q-h166bdaf_0.tar.bz2#07acc367c7fc8b716770cd5b36d31717
https://mirrors.aliyun.com/anaconda/cloud/conda-forge/linux-64/pcre-8.45-h9c3ff4c_0.tar.bz2#c05d1820a6d34ff07aaaab7a9b7eddaa
https://mirrors.aliyun.com/anaconda/cloud/conda-forge/linux-64/pixman-0.40.0-h36c2ea0_0.tar.bz2#660e72c82f2e75a6b3fe6a6e75c79f19
https://mirrors.aliyun.com/anaconda/cloud/conda-forge/linux-64/pthread-stubs-0.4-h36c2ea0_1001.tar.bz2#22dad4df6e8630e8dff2428f6f6a7036
https://mirrors.aliyun.com/anaconda/cloud/conda-forge/linux-64/sed-4.8-he412f7d_0.tar.bz2#7362f0042e95681f5d371c46c83ebd08
https://mirrors.aliyun.com/anaconda/cloud/conda-forge/linux-64/xorg-inputproto-2.3.2-h7f98852_1002.tar.bz2#bcd1b3396ec6960cbc1d2855a9e60b2b
https://mirrors.aliyun.com/anaconda/cloud/conda-forge/linux-64/xorg-kbproto-1.0.7-h7f98852_1002.tar.bz2#4b230e8381279d76131116660f5a241a
https://mirrors.aliyun.com/anaconda/cloud/conda-forge/linux-64/xorg-libice-1.0.10-h7f98852_0.tar.bz2#d6b0b50b49eccfe0be0373be628be0f3
https://mirrors.aliyun.com/anaconda/cloud/conda-forge/linux-64/xorg-libxau-1.0.9-h7f98852_0.tar.bz2#bf6f803a544f26ebbdc3bfff272eb179
https://mirrors.aliyun.com/anaconda/cloud/conda-forge/linux-64/xorg-libxdmcp-1.1.3-h7f98852_0.tar.bz2#be93aabceefa2fac576e971aef407908
https://mirrors.aliyun.com/anaconda/cloud/conda-forge/linux-64/xorg-recordproto-1.14.2-h7f98852_1002.tar.bz2#2f835e6c386e73c6faaddfe9eda67e98
https://mirrors.aliyun.com/anaconda/cloud/conda-forge/linux-64/xorg-renderproto-0.11.1-h7f98852_1002.tar.bz2#06feff3d2634e3097ce2fe681474b534
https://mirrors.aliyun.com/anaconda/cloud/conda-forge/linux-64/xorg-xextproto-7.3.0-h7f98852_1002.tar.bz2#1e15f6ad85a7d743a2ac68dae6c82b98
https://mirrors.aliyun.com/anaconda/cloud/conda-forge/linux-64/xorg-xproto-7.0.31-h7f98852_1007.tar.bz2#b4a4381d54784606820704f7b5f05a15
https://mirrors.aliyun.com/anaconda/cloud/conda-forge/linux-64/xz-5.2.5-h516909a_1.tar.bz2#33f601066901f3e1a85af3522a8113f9
https://mirrors.aliyun.com/anaconda/cloud/conda-forge/linux-64/yaml-0.2.5-h7f98852_2.tar.bz2#4cb3ad778ec2d5a7acbdf254eb1c42ae
https://mirrors.aliyun.com/anaconda/cloud/conda-forge/linux-64/gcc_impl_linux-64-10.3.0-hf2f2afa_16.tar.bz2#a340c8ce9e702836e999984fcabd1b6e
https://mirrors.aliyun.com/anaconda/cloud/conda-forge/linux-64/gettext-0.19.8.1-h73d1719_1008.tar.bz2#af49250eca8e139378f8ff0ae9e57251
https://mirrors.aliyun.com/anaconda/cloud/conda-forge/linux-64/libblas-3.9.0-15_linux64_openblas.tar.bz2#04eb983975a1be3e57d6d667414cd774
https://mirrors.aliyun.com/anaconda/cloud/conda-forge/linux-64/libbrotlidec-1.0.9-h166bdaf_7.tar.bz2#37a460703214d0d1b421e2a47eb5e6d0
https://mirrors.aliyun.com/anaconda/cloud/conda-forge/linux-64/libbrotlienc-1.0.9-h166bdaf_7.tar.bz2#785a9296ea478eb78c47593c4da6550f
https://mirrors.aliyun.com/anaconda/cloud/conda-forge/linux-64/libedit-3.1.20191231-he28a2e2_2.tar.bz2#4d331e44109e3f0e19b4cb8f9b82f3e1
https://mirrors.aliyun.com/anaconda/cloud/conda-forge/linux-64/libxcb-1.13-h7f98852_1004.tar.bz2#b3653fdc58d03face9724f602218a904
https://mirrors.aliyun.com/anaconda/cloud/conda-forge/linux-64/readline-8.1.2-h0f457ee_0.tar.bz2#db2ebbe2943aae81ed051a6a9af8e0fa
https://mirrors.aliyun.com/anaconda/cloud/conda-forge/linux-64/tk-8.6.12-h27826a3_0.tar.bz2#5b8c42eb62e9fc961af70bdd6a26e168
https://mirrors.aliyun.com/anaconda/cloud/conda-forge/linux-64/xorg-fixesproto-5.0-h7f98852_1002.tar.bz2#65ad6e1eb4aed2b0611855aff05e04f6
https://mirrors.aliyun.com/anaconda/cloud/conda-forge/linux-64/xorg-libsm-1.2.3-hd9c2040_1000.tar.bz2#9e856f78d5c80d5a78f61e72d1d473a3
https://mirrors.aliyun.com/anaconda/cloud/conda-forge/linux-64/zlib-1.2.12-h166bdaf_2.tar.bz2#4533821485cde83ab12ff3d8bda83768
https://mirrors.aliyun.com/anaconda/cloud/conda-forge/linux-64/zstd-1.5.2-h8a70e8d_2.tar.bz2#78c26dbb6e07d95ccc0eab8d4540aa0c
https://mirrors.aliyun.com/anaconda/cloud/conda-forge/linux-64/brotli-bin-1.0.9-h166bdaf_7.tar.bz2#1699c1211d56a23c66047524cd76796e
https://mirrors.aliyun.com/anaconda/cloud/conda-forge/linux-64/bwidget-1.9.14-ha770c72_1.tar.bz2#5746d6202ba2abad4a4707f2a2462795
https://mirrors.aliyun.com/anaconda/cloud/conda-forge/linux-64/gcc_linux-64-10.3.0-hc39de41_10.tar.bz2#6e52c54509389c06f88ea74c137f75be
https://mirrors.aliyun.com/anaconda/cloud/conda-forge/linux-64/gfortran_impl_linux-64-10.3.0-h73f4979_16.tar.bz2#0407b066da49b4562ce054c06b40558c
https://mirrors.aliyun.com/anaconda/cloud/conda-forge/linux-64/gxx_impl_linux-64-10.3.0-hf2f2afa_16.tar.bz2#f825336ce3d4dba77ffd1edc78e7abf9
https://mirrors.aliyun.com/anaconda/cloud/conda-forge/linux-64/krb5-1.19.3-h3790be6_0.tar.bz2#7d862b05445123144bec92cb1acc8ef8
https://mirrors.aliyun.com/anaconda/cloud/conda-forge/linux-64/libcblas-3.9.0-15_linux64_openblas.tar.bz2#f45968428e445fd0c6472b561145812a
https://mirrors.aliyun.com/anaconda/cloud/conda-forge/linux-64/libglib-2.72.1-h2d90d5f_0.tar.bz2#ebeadbb5fbc44052eeb6f96a2136e3c2
https://mirrors.aliyun.com/anaconda/cloud/conda-forge/linux-64/liblapack-3.9.0-15_linux64_openblas.tar.bz2#b7078220384b8bf8db1a45e66412ac4f
https://mirrors.aliyun.com/anaconda/cloud/conda-forge/linux-64/libnghttp2-1.47.0-h727a467_0.tar.bz2#a22567abfea169ff8048506b1ca9b230
https://mirrors.aliyun.com/anaconda/cloud/conda-forge/linux-64/libpng-1.6.37-h753d276_3.tar.bz2#3e868978a04de8bf65a97bb86760f47a
https://mirrors.aliyun.com/anaconda/cloud/conda-forge/linux-64/libssh2-1.10.0-ha56f1ee_2.tar.bz2#6ab4eaa11ff01801cffca0a27489dc04
https://mirrors.aliyun.com/anaconda/cloud/conda-forge/linux-64/libtiff-4.4.0-hc85c160_1.tar.bz2#151f9fae3ab50f039c8735e47770aa2d
https://mirrors.aliyun.com/anaconda/cloud/conda-forge/linux-64/libxml2-2.9.14-h22db469_3.tar.bz2#b6f4a0850ba620030a48b88c25497aaa
https://mirrors.aliyun.com/anaconda/cloud/conda-forge/linux-64/pcre2-10.37-h032f7d1_0.tar.bz2#6469e4602e914febe6f057ad2271a54e
https://mirrors.aliyun.com/anaconda/cloud/conda-forge/linux-64/sqlite-3.39.0-h4ff8645_0.tar.bz2#ead30581ba8cfd52d69632868b844d4a
https://mirrors.aliyun.com/anaconda/cloud/conda-forge/linux-64/tktable-2.10-hb7b940f_3.tar.bz2#ea4d0879e40211fa26f38d8986db1bbe
https://mirrors.aliyun.com/anaconda/cloud/conda-forge/linux-64/xorg-libx11-1.7.2-h7f98852_0.tar.bz2#12a61e640b8894504326aadafccbb790
https://mirrors.aliyun.com/anaconda/cloud/conda-forge/linux-64/brotli-1.0.9-h166bdaf_7.tar.bz2#3889dec08a472eb0f423e5609c76bde1
https://mirrors.aliyun.com/anaconda/cloud/conda-forge/linux-64/freetype-2.10.4-h0708190_1.tar.bz2#4a06f2ac2e5bfae7b6b245171c3f07aa
https://mirrors.aliyun.com/anaconda/cloud/conda-forge/linux-64/gfortran_linux-64-10.3.0-hb09a455_10.tar.bz2#dd9058b625a6edce185db90cf99e3590
https://mirrors.aliyun.com/anaconda/cloud/conda-forge/linux-64/gsl-2.7-he838d99_0.tar.bz2#fec079ba39c9cca093bf4c00001825de
https://mirrors.aliyun.com/anaconda/cloud/conda-forge/linux-64/gxx_linux-64-10.3.0-h2593f52_10.tar.bz2#075de70ba0493c56ed9e9cda930978ce
https://mirrors.aliyun.com/anaconda/cloud/conda-forge/linux-64/lcms2-2.12-hddcbb42_0.tar.bz2#797117394a4aa588de6d741b06fad80f
https://mirrors.aliyun.com/anaconda/cloud/conda-forge/linux-64/libcups-2.3.3-hf5a7f15_1.tar.bz2#005557d6df00af70e438bcd532ce2304
https://mirrors.aliyun.com/anaconda/cloud/conda-forge/linux-64/libcurl-7.83.1-h7bff187_0.tar.bz2#d0c278476dba3b29ee13203784672ab1
https://mirrors.aliyun.com/anaconda/cloud/conda-forge/linux-64/libwebp-1.2.2-h3452ae3_0.tar.bz2#c363665b4aabe56aae4f8981cff5b153
https://mirrors.aliyun.com/anaconda/cloud/conda-forge/linux-64/openjpeg-2.4.0-hb52868f_1.tar.bz2#b7ad78ad2e9ee155f59e6428406ee824
https://mirrors.aliyun.com/anaconda/cloud/conda-forge/linux-64/python-3.10.5-h582c2e5_0_cpython.tar.bz2#ccbed83043b9b7b5693164591317f327
https://mirrors.aliyun.com/anaconda/cloud/conda-forge/linux-64/xorg-libxext-1.3.4-h7f98852_1.tar.bz2#536cc5db4d0a3ba0630541aec064b5e4
https://mirrors.aliyun.com/anaconda/cloud/conda-forge/linux-64/xorg-libxfixes-5.0.3-h7f98852_1004.tar.bz2#e9a21aa4d5e3e5f1aed71e8cefd46b6a
https://mirrors.aliyun.com/anaconda/cloud/conda-forge/linux-64/xorg-libxrender-0.9.10-h7f98852_1003.tar.bz2#f59c1242cc1dd93e72c2ee2b360979eb
https://mirrors.aliyun.com/anaconda/cloud/conda-forge/linux-64/xorg-libxt-1.2.1-h7f98852_2.tar.bz2#60d6eec5273f1c9af096c10c268912e3
https://mirrors.aliyun.com/anaconda/cloud/conda-forge/noarch/charset-normalizer-2.1.0-pyhd8ed1ab_0.tar.bz2#abc0453b6e7bfbb87d275d58e333fc98
https://mirrors.aliyun.com/anaconda/cloud/conda-forge/linux-64/curl-7.83.1-h7bff187_0.tar.bz2#ba33b9995f5e691e4f439422d6efafc7
https://mirrors.aliyun.com/anaconda/cloud/conda-forge/noarch/cycler-0.11.0-pyhd8ed1ab_0.tar.bz2#a50559fad0affdbb33729a68669ca1cb
https://mirrors.aliyun.com/anaconda/cloud/conda-forge/noarch/dataclasses-0.8-pyhc8e2a94_3.tar.bz2#a362b2124b06aad102e2ee4581acee7d
https://mirrors.aliyun.com/anaconda/cloud/conda-forge/linux-64/fontconfig-2.14.0-h8e229c2_0.tar.bz2#f314f79031fec74adc9bff50fbaffd89
https://mirrors.aliyun.com/anaconda/cloud/conda-forge/noarch/idna-3.3-pyhd8ed1ab_0.tar.bz2#40b50b8b030f5f2f22085c062ed013dd
https://mirrors.aliyun.com/anaconda/cloud/bioconda/noarch/munkres-1.0.7-py_1.tar.bz2#783d3baa1b57281daf35ce2a07a86017
https://mirrors.aliyun.com/anaconda/cloud/conda-forge/noarch/networkx-2.8.4-pyhd8ed1ab_0.tar.bz2#d5ee17f3f60079d79fbd027f9944d18e
https://mirrors.aliyun.com/anaconda/cloud/conda-forge/noarch/pycparser-2.21-pyhd8ed1ab_0.tar.bz2#076becd9e05608f8dc72757d5f3a91ff
https://mirrors.aliyun.com/anaconda/cloud/conda-forge/noarch/pyparsing-3.0.9-pyhd8ed1ab_0.tar.bz2#e8fbc1b54b25f4b08281467bc13b70cc
https://mirrors.aliyun.com/anaconda/cloud/conda-forge/linux-64/python_abi-3.10-2_cp310.tar.bz2#9e7160cd0d865e98f6803f1fe15c8b61
https://mirrors.aliyun.com/anaconda/cloud/conda-forge/noarch/six-1.16.0-pyh6c4a22f_0.tar.bz2#e5f25f8dbc060e9a8d912e432202afc2
https://mirrors.aliyun.com/anaconda/cloud/conda-forge/noarch/typing_extensions-4.3.0-pyha770c72_0.tar.bz2#a9d85960bc62d53cc4ea0d1d27f73c98
https://mirrors.aliyun.com/anaconda/cloud/conda-forge/linux-64/xorg-libxi-1.7.10-h7f98852_0.tar.bz2#e77615e5141cad5a2acaa043d1cf0ca5
https://mirrors.aliyun.com/anaconda/cloud/conda-forge/noarch/zipp-3.8.0-pyhd8ed1ab_0.tar.bz2#050b94cf4a8c760656e51d2d44e4632c
https://mirrors.aliyun.com/anaconda/cloud/conda-forge/linux-64/cairo-1.16.0-ha61ee94_1011.tar.bz2#0b53c7f7af13244374ef7226bac3f843
https://mirrors.aliyun.com/anaconda/cloud/conda-forge/linux-64/certifi-2022.6.15-py310hff52083_0.tar.bz2#a5087d46181f812a662fbe20352961ee
https://mirrors.aliyun.com/anaconda/cloud/conda-forge/linux-64/cffi-1.15.1-py310h255011f_0.tar.bz2#3e4b55b02998782f8ca9ceaaa4f5ada9
https://mirrors.aliyun.com/anaconda/cloud/conda-forge/linux-64/click-8.1.3-py310hff52083_0.tar.bz2#a09e14173c5ded52ef7917b249c9280e
https://mirrors.aliyun.com/anaconda/cloud/conda-forge/linux-64/future-0.18.2-py310hff52083_5.tar.bz2#f990c83ec11f61f384f137e1a12d61f4
https://mirrors.aliyun.com/anaconda/cloud/conda-forge/linux-64/humanfriendly-10.0-py310hff52083_2.tar.bz2#e68fe85f8d86807312c6c296747cc4d1
https://mirrors.aliyun.com/anaconda/cloud/conda-forge/linux-64/importlib-metadata-4.11.4-py310hff52083_0.tar.bz2#8ea386e64531f1ecf4a5765181579e7e
https://mirrors.aliyun.com/anaconda/cloud/conda-forge/linux-64/kiwisolver-1.4.3-py310hbf28c38_0.tar.bz2#93b57192dd2e93b6d5ed00be96e8ae55
https://mirrors.aliyun.com/anaconda/cloud/conda-forge/linux-64/markupsafe-2.1.1-py310h5764c6d_1.tar.bz2#ec5a727504409ad1380fc2a84f83d002
https://mirrors.aliyun.com/anaconda/cloud/conda-forge/linux-64/numpy-1.23.1-py310h53a5b5f_0.tar.bz2#9b86a46d908354fe7f91da24f5ea3f36
https://mirrors.aliyun.com/anaconda/cloud/conda-forge/noarch/packaging-21.3-pyhd8ed1ab_0.tar.bz2#71f1ab2de48613876becddd496371c85
https://mirrors.aliyun.com/anaconda/cloud/conda-forge/linux-64/pillow-9.2.0-py310he619898_0.tar.bz2#5808b13c720854aaa3307c6e04cc1505
https://mirrors.aliyun.com/anaconda/cloud/conda-forge/linux-64/pysocks-1.7.1-py310hff52083_5.tar.bz2#378f2260e871f3ea46c6fa58d9f05277
https://mirrors.aliyun.com/anaconda/cloud/conda-forge/noarch/python-dateutil-2.8.2-pyhd8ed1ab_0.tar.bz2#dd999d1cc9f79e67dbb855c8924c7984
https://mirrors.aliyun.com/anaconda/cloud/conda-forge/linux-64/pyyaml-6.0-py310h5764c6d_4.tar.bz2#505dcf6be997e732d7a33831950dc3cf
https://mirrors.aliyun.com/anaconda/cloud/conda-forge/linux-64/setuptools-63.1.0-py310hff52083_0.tar.bz2#4957e3a46761a6c7a3a05233c39ed904
https://mirrors.aliyun.com/anaconda/cloud/conda-forge/linux-64/simplejson-3.17.6-py310h5764c6d_1.tar.bz2#3374b66ff84cf3d5a542768a2ee3902c
https://mirrors.aliyun.com/anaconda/cloud/conda-forge/linux-64/unicodedata2-14.0.0-py310h5764c6d_1.tar.bz2#791689ce9e578e2e83b635974af61743
https://mirrors.aliyun.com/anaconda/cloud/conda-forge/linux-64/xorg-libxtst-1.2.3-h7f98852_1002.tar.bz2#a220b1a513e19d5cb56c1311d44f12e6
https://mirrors.aliyun.com/anaconda/cloud/conda-forge/linux-64/brotlipy-0.7.0-py310h5764c6d_1004.tar.bz2#6499bb11b7feffb63b26847fc9181319
https://mirrors.aliyun.com/anaconda/cloud/conda-forge/noarch/coloredlogs-15.0.1-pyhd8ed1ab_3.tar.bz2#7b4fc18b7f66382257c45424eaf81935
https://mirrors.aliyun.com/anaconda/cloud/conda-forge/noarch/colormath-3.0.0-py_2.tar.bz2#724c323d724ab98bca84f88d03cff543
https://mirrors.aliyun.com/anaconda/cloud/conda-forge/noarch/commonmark-0.9.1-py_0.tar.bz2#6aa0173c14befcd577ded130cf6f22f5
https://mirrors.aliyun.com/anaconda/cloud/conda-forge/linux-64/cryptography-37.0.4-py310h597c629_0.tar.bz2#f285746449d16d92884f4ce0cfe26679
https://mirrors.aliyun.com/anaconda/cloud/conda-forge/linux-64/fonttools-4.34.4-py310h5764c6d_0.tar.bz2#c965e9e47e42b19d26994e848d2a40e6
https://mirrors.aliyun.com/anaconda/cloud/conda-forge/linux-64/harfbuzz-4.4.1-hf9f4e7c_0.tar.bz2#ac83998fdc71721da8c8f0846a25a503
https://mirrors.aliyun.com/anaconda/cloud/conda-forge/noarch/jinja2-3.1.2-pyhd8ed1ab_1.tar.bz2#c8490ed5c70966d232fdd389d0dbed37
https://mirrors.aliyun.com/anaconda/cloud/conda-forge/noarch/lzstring-1.0.4-py_1001.tar.bz2#08f3559feb5354d308287d9dc10ef184
https://mirrors.aliyun.com/anaconda/cloud/conda-forge/noarch/markdown-3.3.7-pyhd8ed1ab_0.tar.bz2#0a0bed31742342688a8570b3b8a50f36
https://mirrors.aliyun.com/anaconda/cloud/conda-forge/noarch/pygments-2.12.0-pyhd8ed1ab_0.tar.bz2#cb27e2ded147e5bcc7eafc1c6d343cb3
https://mirrors.aliyun.com/anaconda/cloud/conda-forge/linux-64/matplotlib-base-3.5.2-py310h5701ce4_0.tar.bz2#b038b2e97ae14fea11159dcb2c5abf0a
https://mirrors.aliyun.com/anaconda/cloud/conda-forge/linux-64/openjdk-11.0.15-hc6918da_0.tar.bz2#be9c278cc6f54c2c2f4c35ddfa7df596
https://mirrors.aliyun.com/anaconda/cloud/conda-forge/linux-64/pango-1.50.8-hbd2fdc8_0.tar.bz2#e76dcd4a0efe0c037929f98c2fd87e10
https://mirrors.aliyun.com/anaconda/cloud/conda-forge/noarch/pyopenssl-22.0.0-pyhd8ed1ab_0.tar.bz2#1d7e241dfaf5475e893d4b824bb71b44
https://mirrors.aliyun.com/anaconda/cloud/conda-forge/noarch/rich-12.5.1-pyhd8ed1ab_0.tar.bz2#2df309771bb9941c60bb1d110b29ed4a
https://mirrors.aliyun.com/anaconda/cloud/conda-forge/noarch/spectra-0.0.11-py_1.tar.bz2#3979401f3b9bcebf0adba6d091d390e3
https://mirrors.aliyun.com/anaconda/cloud/conda-forge/linux-64/r-base-4.1.3-h06d3f91_1.tar.bz2#f19666e0f252407e016b5b4a4b236497
https://mirrors.aliyun.com/anaconda/cloud/conda-forge/noarch/urllib3-1.26.10-pyhd8ed1ab_0.tar.bz2#14f22c5b9cfd0d93c2806faaa3fe6dec
https://mirrors.aliyun.com/anaconda/cloud/bioconda/noarch/bioconductor-biocgenerics-0.40.0-r41hdfd78af_0.tar.bz2#73c383d354e038bb8b4de75715747071
https://mirrors.aliyun.com/anaconda/cloud/bioconda/noarch/bioconductor-genomeinfodbdata-1.2.7-r41hdfd78af_1.tar.bz2#6e1f609561c9649630efe729ed205131
https://mirrors.aliyun.com/anaconda/cloud/bioconda/linux-64/bioconductor-zlibbioc-1.40.0-r41h5c21468_1.tar.bz2#9d6da3b64060f38a57fa3fdb9e801210
https://mirrors.aliyun.com/anaconda/cloud/conda-forge/noarch/r-bh-1.78.0_0-r41hc72bb7e_0.tar.bz2#4963f5da888bdbfb202b3612e11ba972
https://mirrors.aliyun.com/anaconda/cloud/conda-forge/linux-64/r-bitops-1.0_7-r41h06615bd_0.tar.bz2#d7f815a58bd19e21e2f8e380d53f0059
https://mirrors.aliyun.com/anaconda/cloud/conda-forge/noarch/r-crayon-1.5.1-r41hc72bb7e_0.tar.bz2#ac6c74e4a346d5aab9d8eac94b32bf62
https://mirrors.aliyun.com/anaconda/cloud/conda-forge/noarch/r-formatr-1.12-r41hc72bb7e_0.tar.bz2#3aa132cda23e9734ebd01d12b67fb810
https://mirrors.aliyun.com/anaconda/cloud/conda-forge/noarch/r-futile.options-1.0.1-r41hc72bb7e_1002.tar.bz2#d8ce292272b4a660fe3ac7ee93c13c9f
https://mirrors.aliyun.com/anaconda/cloud/conda-forge/noarch/r-getopt-1.20.3-r41ha770c72_2.tar.bz2#a16cad75273e3f3dadfa625960e5c029
https://mirrors.aliyun.com/anaconda/cloud/conda-forge/linux-64/r-lattice-0.20_45-r41hcfec24a_0.tar.bz2#895ccbaf82eba857612be799cd5744b4
https://mirrors.aliyun.com/anaconda/cloud/conda-forge/linux-64/r-matrixstats-0.62.0-r41h06615bd_0.tar.bz2#55eb496da17cdfb0ed1f1d9610be5c00
https://mirrors.aliyun.com/anaconda/cloud/conda-forge/linux-64/r-rjson-0.2.21-r41h7525677_1.tar.bz2#82e21e7c7fb1d12962434def79a2e731
https://mirrors.aliyun.com/anaconda/cloud/conda-forge/noarch/r-snow-0.4_4-r41hc72bb7e_0.tar.bz2#6e7a0c895d09c4e035262a850d69a994
https://mirrors.aliyun.com/anaconda/cloud/conda-forge/linux-64/r-xml-3.99_0.10-r41h06615bd_0.tar.bz2#29ab07bf69d35dffb29d29cd48e78926
https://mirrors.aliyun.com/anaconda/cloud/conda-forge/linux-64/r-yaml-2.3.5-r41h06615bd_0.tar.bz2#69d70ac4bc847a644f793dda88e3b725
https://mirrors.aliyun.com/anaconda/cloud/conda-forge/noarch/requests-2.28.1-pyhd8ed1ab_0.tar.bz2#70d6e72856de9551f83ae0f2de689a7a
https://mirrors.aliyun.com/anaconda/cloud/bioconda/linux-64/bioconductor-biobase-2.54.0-r41h5c21468_1.tar.bz2#f340a88914092c651452c0d05448b0ce
https://mirrors.aliyun.com/anaconda/cloud/bioconda/noarch/bioconductor-matrixgenerics-1.6.0-r41hdfd78af_0.tar.bz2#69613f3c312fb36021947f3359e89435
https://mirrors.aliyun.com/anaconda/cloud/bioconda/linux-64/bioconductor-rhtslib-1.26.0-r41h5c21468_1.tar.bz2#62da08834b6b6b1d8e329ba5d17225d3
https://mirrors.aliyun.com/anaconda/cloud/bioconda/linux-64/bioconductor-s4vectors-0.32.3-r41h5c21468_0.tar.bz2#38196da98ec15ad79fc693e6a0af7b30
https://mirrors.aliyun.com/anaconda/cloud/bioconda/noarch/multiqc-1.12-pyhdfd78af_0.tar.bz2#3c01f5d129092bce6af859c1dded0e09
https://mirrors.aliyun.com/anaconda/cloud/conda-forge/noarch/r-lambda.r-1.2.4-r41hc72bb7e_1.tar.bz2#0cdb436f2dd68815329b28ba9ffce962
https://mirrors.aliyun.com/anaconda/cloud/conda-forge/linux-64/r-matrix-1.4_1-r41h0154571_0.tar.bz2#46bdce8fcf422c4b74e0af3091ddfdfc
https://mirrors.aliyun.com/anaconda/cloud/conda-forge/noarch/r-optparse-1.7.1-r41hc72bb7e_0.tar.bz2#42689b1313f7dcf7d7e8b2d995104111
https://mirrors.aliyun.com/anaconda/cloud/conda-forge/linux-64/r-rcurl-1.98_1.7-r41h06615bd_0.tar.bz2#9bd21e0d168cfc92b072c3010be8efcd
https://mirrors.aliyun.com/anaconda/cloud/bioconda/noarch/bioconductor-biocio-1.4.0-r41hdfd78af_0.tar.bz2#77f0dc94556631182427b6a683e6ffb9
https://mirrors.aliyun.com/anaconda/cloud/bioconda/linux-64/bioconductor-iranges-2.28.0-r41h5c21468_1.tar.bz2#8eff233e3c53c2a2cb907e3f4c428874
https://mirrors.aliyun.com/anaconda/cloud/bioconda/noarch/bioconductor-noiseq-2.38.0-r41hdfd78af_0.tar.bz2#0a29032fe7f98e6b5e85032f0017b4fe
https://mirrors.aliyun.com/anaconda/cloud/conda-forge/noarch/r-futile.logger-1.4.3-r41hc72bb7e_1003.tar.bz2#c29b2d0547e44751529e51f667d39b19
https://mirrors.aliyun.com/anaconda/cloud/bioconda/linux-64/r-restfulr-0.0.15-r41h73dbb54_0.tar.bz2#be982d5db1378e1c30e906897ba0f9d5
https://mirrors.aliyun.com/anaconda/cloud/bioconda/linux-64/bioconductor-biocparallel-1.28.3-r41h619a076_0.tar.bz2#45583855420d68681a2cf46cc373e4b4
https://mirrors.aliyun.com/anaconda/cloud/bioconda/linux-64/bioconductor-delayedarray-0.20.0-r41h5c21468_1.tar.bz2#dddaa14aa801fd1d42ce75337a4f3537
https://mirrors.aliyun.com/anaconda/cloud/bioconda/noarch/bioconductor-genomeinfodb-1.30.0-r41hdfd78af_0.tar.bz2#c55150adbc50b1d923d48d9bb126cf0f
https://mirrors.aliyun.com/anaconda/cloud/bioconda/linux-64/bioconductor-xvector-0.34.0-r41h5c21468_1.tar.bz2#5aa0af5ef4237d7d2f8112676b4811c4
https://mirrors.aliyun.com/anaconda/cloud/bioconda/linux-64/bioconductor-biostrings-2.62.0-r41h5c21468_1.tar.bz2#27041ee91e49250a4a22ffa983b54abd
https://mirrors.aliyun.com/anaconda/cloud/bioconda/linux-64/bioconductor-genomicranges-1.46.1-r41h5c21468_0.tar.bz2#5e9acd668eeec90f6737985e15bfb640
https://mirrors.aliyun.com/anaconda/cloud/bioconda/linux-64/bioconductor-rsamtools-2.10.0-r41h619a076_1.tar.bz2#5192f6eb4fed831bc20db5a84b78bf5e
https://mirrors.aliyun.com/anaconda/cloud/bioconda/noarch/bioconductor-summarizedexperiment-1.24.0-r41hdfd78af_0.tar.bz2#f21eb229b8ee58680cb0179ef6d51f7e
https://mirrors.aliyun.com/anaconda/cloud/bioconda/linux-64/bioconductor-genomicalignments-1.30.0-r41h5c21468_1.tar.bz2#6c50dfaf8a0bc8dc9a0ec9c3577466c7
https://mirrors.aliyun.com/anaconda/cloud/bioconda/linux-64/bioconductor-rtracklayer-1.54.0-r41hdc01c10_3.tar.bz2#5e21050cbd288a2026666b372fc3130b
https://mirrors.aliyun.com/anaconda/cloud/bioconda/noarch/qualimap-2.2.2d-hdfd78af_2.tar.bz2#26f6b7758d1584d463603f23019d74fa
